<Solution>
  <Folder Name="/ScriptsDB/">
    <File Path="Script.sql" />
  </Folder>
  <Project Path="XmlDataProcessor.Api/XmlDataProcessor.Api.csproj" />
  <Project Path="XmlDataProcessor.Application/XmlDataProcessor.Application.csproj" />
  <Project Path="XmlDataProcessor.Domain/XmlDataProcessor.Domain.csproj" />
  <Project Path="XmlDataProcessor.Infrastructure/XmlDataProcessor.Infrastructure.csproj" />
  <Project Path="XmlDataProcessor.Tests/XmlDataProcessor.Tests.csproj" />
</Solution>
